
Microsoft Visual Studio Solution File, Format Version 12.00
# Visual Studio Version 16
VisualStudioVersion = 16.0.29025.244
MinimumVisualStudioVersion = 10.0.40219.1
Project("{8BC9CEB8-8B4A-11D0-8D11-00A0C91BC942}") = "DX12_example", "DX12_example\DX12_example.vcxproj", "{FDECFE8A-74C5-42C4-9F57-6123E608BBCE}"
EndProject
Global
	GlobalSection(SolutionConfigurationPlatforms) = preSolution
		Debug|ARM = Debug|ARM
		Debug|ARM64 = Debug|ARM64
		Debug|x64 = Debug|x64
		Debug|x86 = Debug|x86
		Release|ARM = Release|ARM
		Release|ARM64 = Release|ARM64
		Release|x64 = Release|x64
		Release|x86 = Release|x86
	EndGlobalSection
	GlobalSection(ProjectConfigurationPlatforms) = postSolution
		{FDECFE8A-74C5-42C4-9F57-6123E608BBCE}.Debug|ARM.ActiveCfg = Debug|ARM
		{FDECFE8A-74C5-42C4-9F57-6123E608BBCE}.Debug|ARM.Build.0 = Debug|ARM
		{FDECFE8A-74C5-42C4-9F57-6123E608BBCE}.Debug|ARM.Deploy.0 = Debug|ARM
		{FDECFE8A-74C5-42C4-9F57-6123E608BBCE}.Debug|ARM64.ActiveCfg = Debug|ARM64
		{FDECFE8A-74C5-42C4-9F57-6123E608BBCE}.Debug|ARM64.Build.0 = Debug|ARM64
		{FDECFE8A-74C5-42C4-9F57-6123E608BBCE}.Debug|ARM64.Deploy.0 = Debug|ARM64
		{FDECFE8A-74C5-42C4-9F57-6123E608BBCE}.Debug|x64.ActiveCfg = Debug|x64
		{FDECFE8A-74C5-42C4-9F57-6123E608BBCE}.Debug|x64.Build.0 = Debug|x64
		{FDECFE8A-74C5-42C4-9F57-6123E608BBCE}.Debug|x64.Deploy.0 = Debug|x64
		{FDECFE8A-74C5-42C4-9F57-6123E608BBCE}.Debug|x86.ActiveCfg = Debug|Win32
		{FDECFE8A-74C5-42C4-9F57-6123E608BBCE}.Debug|x86.Build.0 = Debug|Win32
		{FDECFE8A-74C5-42C4-9F57-6123E608BBCE}.Debug|x86.Deploy.0 = Debug|Win32
		{FDECFE8A-74C5-42C4-9F57-6123E608BBCE}.Release|ARM.ActiveCfg = Release|ARM
		{FDECFE8A-74C5-42C4-9F57-6123E608BBCE}.Release|ARM.Build.0 = Release|ARM
		{FDECFE8A-74C5-42C4-9F57-6123E608BBCE}.Release|ARM.Deploy.0 = Release|ARM
		{FDECFE8A-74C5-42C4-9F57-6123E608BBCE}.Release|ARM64.ActiveCfg = Release|ARM64
		{FDECFE8A-74C5-42C4-9F57-6123E608BBCE}.Release|ARM64.Build.0 = Release|ARM64
		{FDECFE8A-74C5-42C4-9F57-6123E608BBCE}.Release|ARM64.Deploy.0 = Release|ARM64
		{FDECFE8A-74C5-42C4-9F57-6123E608BBCE}.Release|x64.ActiveCfg = Release|x64
		{FDECFE8A-74C5-42C4-9F57-6123E608BBCE}.Release|x64.Build.0 = Release|x64
		{FDECFE8A-74C5-42C4-9F57-6123E608BBCE}.Release|x64.Deploy.0 = Release|x64
		{FDECFE8A-74C5-42C4-9F57-6123E608BBCE}.Release|x86.ActiveCfg = Release|Win32
		{FDECFE8A-74C5-42C4-9F57-6123E608BBCE}.Release|x86.Build.0 = Release|Win32
		{FDECFE8A-74C5-42C4-9F57-6123E608BBCE}.Release|x86.Deploy.0 = Release|Win32
	EndGlobalSection
	GlobalSection(SolutionProperties) = preSolution
		HideSolutionNode = FALSE
	EndGlobalSection
	GlobalSection(ExtensibilityGlobals) = postSolution
		SolutionGuid = {403AB093-5C42-4150-878E-CFAC69C1C330}
	EndGlobalSection
EndGlobal
